// !$*UTF8*$!
{
	archiveVersion = 1;
	classes = {
	};
	objectVersion = 46;
	objects = {

/* Begin PBXBuildFile section */
		1B0E4C361D5908A900AC1FD7 /* AppDelegate.swift in Sources */ = {isa = PBXBuildFile; fileRef = 1B0E4C351D5908A900AC1FD7 /* AppDelegate.swift */; };
		1B0E4C381D5908A900AC1FD7 /* ViewController.swift in Sources */ = {isa = PBXBuildFile; fileRef = 1B0E4C371D5908A900AC1FD7 /* ViewController.swift */; };
		1B0E4C3B1D5908A900AC1FD7 /* Main.storyboard in Resources */ = {isa = PBXBuildFile; fileRef = 1B0E4C391D5908A900AC1FD7 /* Main.storyboard */; };
		1B0E4C3D1D5908A900AC1FD7 /* Assets.xcassets in Resources */ = {isa = PBXBuildFile; fileRef = 1B0E4C3C1D5908A900AC1FD7 /* Assets.xcassets */; };
		1B0E4C401D5908A900AC1FD7 /* LaunchScreen.storyboard in Resources */ = {isa = PBXBuildFile; fileRef = 1B0E4C3E1D5908A900AC1FD7 /* LaunchScreen.storyboard */; };
		1B0E4C4B1D5908A900AC1FD7 /* TimeKeeperTests.swift in Sources */ = {isa = PBXBuildFile; fileRef = 1B0E4C4A1D5908A900AC1FD7 /* TimeKeeperTests.swift */; };
/* End PBXBuildFile section */

/* Begin PBXContainerItemProxy section */
		1B0E4C471D5908A900AC1FD7 /* PBXContainerItemProxy */ = {
			isa = PBXContainerItemProxy;
			containerPortal = 1B0E4C2A1D5908A900AC1FD7 /* Project object */;
			proxyType = 1;
			remoteGlobalIDString = 1B0E4C311D5908A900AC1FD7;
			remoteInfo = TimeKeeper;
		};
/* End PBXContainerItemProxy section */

/* Begin PBXFileReference section */
		1B0E4C321D5908A900AC1FD7 /* TimeKeeper.app */ = {isa = PBXFileReference; explicitFileType = wrapper.application; includeInIndex = 0; path = TimeKeeper.app; sourceTree = BUILT_PRODUCTS_DIR; };
		1B0E4C351D5908A900AC1FD7 /* AppDelegate.swift */ = {isa = PBXFileReference; lastKnownFileType = sourcecode.swift; path = AppDelegate.swift; sourceTree = "<group>"; };
		1B0E4C371D5908A900AC1FD7 /* ViewController.swift */ = {isa = PBXFileReference; lastKnownFileType = sourcecode.swift; path = ViewController.swift; sourceTree = "<group>"; };
		1B0E4C3A1D5908A900AC1FD7 /* Base */ = {isa = PBXFileReference; lastKnownFileType = file.storyboard; name = Base; path = Base.lproj/Main.storyboard; sourceTree = "<group>"; };
		1B0E4C3C1D5908A900AC1FD7 /* Assets.xcassets */ = {isa = PBXFileReference; lastKnownFileType = folder.assetcatalog; path = Assets.xcassets; sourceTree = "<group>"; };
		1B0E4C3F1D5908A900AC1FD7 /* Base */ = {isa = PBXFileReference; lastKnownFileType = file.storyboard; name = Base; path = Base.lproj/LaunchScreen.storyboard; sourceTree = "<group>"; };
		1B0E4C411D5908A900AC1FD7 /* Info.plist */ = {isa = PBXFileReference; lastKnownFileType = text.plist.xml; path = Info.plist; sourceTree = "<group>"; };
		1B0E4C461D5908A900AC1FD7 /* TimeKeeperTests.xctest */ = {isa = PBXFileReference; explicitFileType = wrapper.cfbundle; includeInIndex = 0; path = TimeKeeperTests.xctest; sourceTree = BUILT_PRODUCTS_DIR; };
		1B0E4C4A1D5908A900AC1FD7 /* TimeKeeperTests.swift */ = {isa = PBXFileReference; lastKnownFileType = sourcecode.swift; path = TimeKeeperTests.swift; sourceTree = "<group>"; };
		1B0E4C4C1D5908A900AC1FD7 /* Info.plist */ = {isa = PBXFileReference; lastKnownFileType = text.plist.xml; path = Info.plist; sourceTree = "<group>"; };
/* End PBXFileReference section */

/* Begin PBXFrameworksBuildPhase section */
		1B0E4C2F1D5908A900AC1FD7 /* Frameworks */ = {
			isa = PBXFrameworksBuildPhase;
			buildActionMask = 2147483647;
			files = (
			);
			runOnlyForDeploymentPostprocessing = 0;
		};
		1B0E4C431D5908A900AC1FD7 /* Frameworks */ = {
			isa = PBXFrameworksBuildPhase;
			buildActionMask = 2147483647;
			files = (
			);
			runOnlyForDeploymentPostprocessing = 0;
		};
/* End PBXFrameworksBuildPhase section */

/* Begin PBXGroup section */
		1B0E4C291D5908A900AC1FD7 = {
			isa = PBXGroup;
			children = (
				1B0E4C341D5908A900AC1FD7 /* TimeKeeper */,
				1B0E4C491D5908A900AC1FD7 /* TimeKeeperTests */,
				1B0E4C331D5908A900AC1FD7 /* Products */,
			);
			sourceTree = "<group>";
		};
		1B0E4C331D5908A900AC1FD7 /* Products */ = {
			isa = PBXGroup;
			children = (
				1B0E4C321D5908A900AC1FD7 /* TimeKeeper.app */,
				1B0E4C461D5908A900AC1FD7 /* TimeKeeperTests.xctest */,
			);
			name = Products;
			sourceTree = "<group>";
		};
		1B0E4C341D5908A900AC1FD7 /* TimeKeeper */ = {
			isa = PBXGroup;
			children = (
				1B0E4C351D5908A900AC1FD7 /* AppDelegate.swift */,
				1B0E4C371D5908A900AC1FD7 /* ViewController.swift */,
				1B0E4C391D5908A900AC1FD7 /* Main.storyboard */,
				1B0E4C3C1D5908A900AC1FD7 /* Assets.xcassets */,
				1B0E4C3E1D5908A900AC1FD7 /* LaunchScreen.storyboard */,
				1B0E4C411D5908A900AC1FD7 /* Info.plist */,
			);
			path = TimeKeeper;
			sourceTree = "<group>";
		};
		1B0E4C491D5908A900AC1FD7 /* TimeKeeperTests */ = {
			isa = PBXGroup;
			children = (
				1B0E4C4A1D5908A900AC1FD7 /* TimeKeeperTests.swift */,
				1B0E4C4C1D5908A900AC1FD7 /* Info.plist */,
			);
			path = TimeKeeperTests;
			sourceTree = "<group>";
		};
/* End PBXGroup section */

/* Begin PBXNativeTarget section */
		1B0E4C311D5908A900AC1FD7 /* TimeKeeper */ = {
			isa = PBXNativeTarget;
			buildConfigurationList = 1B0E4C4F1D5908A900AC1FD7 /* Build configuration list for PBXNativeTarget "TimeKeeper" */;
			buildPhases = (
				1B0E4C2E1D5908A900AC1FD7 /* Sources */,
				1B0E4C2F1D5908A900AC1FD7 /* Frameworks */,
				1B0E4C301D5908A900AC1FD7 /* Resources */,
			);
			buildRules = (
			);
			dependencies = (
			);
			name = TimeKeeper;
			productName = TimeKeeper;
			productReference = 1B0E4C321D5908A900AC1FD7 /* TimeKeeper.app */;
			productType = "com.apple.product-type.application";
		};
		1B0E4C451D5908A900AC1FD7 /* TimeKeeperTests */ = {
			isa = PBXNativeTarget;
			buildConfigurationList = 1B0E4C521D5908A900AC1FD7 /* Build configuration list for PBXNativeTarget "TimeKeeperTests" */;
			buildPhases = (
				1B0E4C421D5908A900AC1FD7 /* Sources */,
				1B0E4C431D5908A900AC1FD7 /* Frameworks */,
				1B0E4C441D5908A900AC1FD7 /* Resources */,
			);
			buildRules = (
			);
			dependencies = (
				1B0E4C481D5908A900AC1FD7 /* PBXTargetDependency */,
			);
			name = TimeKeeperTests;
			productName = TimeKeeperTests;
			productReference = 1B0E4C461D5908A900AC1FD7 /* TimeKeeperTests.xctest */;
			productType = "com.apple.product-type.bundle.unit-test";
		};
/* End PBXNativeTarget section */

/* Begin PBXProject section */
		1B0E4C2A1D5908A900AC1FD7 /* Project object */ = {
			isa = PBXProject;
			attributes = {
				LastSwiftUpdateCheck = 0730;
				LastUpgradeCheck = 0730;
				ORGANIZATIONNAME = "Nelson Chow";
				TargetAttributes = {
					1B0E4C311D5908A900AC1FD7 = {
						CreatedOnToolsVersion = 7.3;
					};
					1B0E4C451D5908A900AC1FD7 = {
						CreatedOnToolsVersion = 7.3;
						TestTargetID = 1B0E4C311D5908A900AC1FD7;
					};
				};
			};
			buildConfigurationList = 1B0E4C2D1D5908A900AC1FD7 /* Build configuration list for PBXProject "TimeKeeper" */;
			compatibilityVersion = "Xcode 3.2";
			developmentRegion = English;
			hasScannedForEncodings = 0;
			knownRegions = (
				en,
				Base,
			);
			mainGroup = 1B0E4C291D5908A900AC1FD7;
			productRefGroup = 1B0E4C331D5908A900AC1FD7 /* Products */;
			projectDirPath = "";
			projectRoot = "";
			targets = (
				1B0E4C311D5908A900AC1FD7 /* TimeKeeper */,
				1B0E4C451D5908A900AC1FD7 /* TimeKeeperTests */,
			);
		};
/* End PBXProject section */

/* Begin PBXResourcesBuildPhase section */
		1B0E4C301D5908A900AC1FD7 /* Resources */ = {
			isa = PBXResourcesBuildPhase;
			buildActionMask = 2147483647;
			files = (
				1B0E4C401D5908A900AC1FD7 /* LaunchScreen.storyboard in Resources */,
				1B0E4C3D1D5908A900AC1FD7 /* Assets.xcassets in Resources */,
				1B0E4C3B1D5908A900AC1FD7 /* Main.storyboard in Resources */,
			);
			runOnlyForDeploymentPostprocessing = 0;
		};
		1B0E4C441D5908A900AC1FD7 /* Resources */ = {
			isa = PBXResourcesBuildPhase;
			buildActionMask = 2147483647;
			files = (
			);
			runOnlyForDeploymentPostprocessing = 0;
		};
/* End PBXResourcesBuildPhase section */

/* Begin PBXSourcesBuildPhase section */
		1B0E4C2E1D5908A900AC1FD7 /* Sources */ = {
			isa = PBXSourcesBuildPhase;
			buildActionMask = 2147483647;
			files = (
				1B0E4C381D5908A900AC1FD7 /* ViewController.swift in Sources */,
				1B0E4C361D5908A900AC1FD7 /* AppDelegate.swift in Sources */,
			);
			runOnlyForDeploymentPostprocessing = 0;
		};
		1B0E4C421D5908A900AC1FD7 /* Sources */ = {
			isa = PBXSourcesBuildPhase;
			buildActionMask = 2147483647;
			files = (
				1B0E4C4B1D5908A900AC1FD7 /* TimeKeeperTests.swift in Sources */,
			);
			runOnlyForDeploymentPostprocessing = 0;
		};
/* End PBXSourcesBuildPhase section */

/* Begin PBXTargetDependency section */
		1B0E4C481D5908A900AC1FD7 /* PBXTargetDependency */ = {
			isa = PBXTargetDependency;
			target = 1B0E4C311D5908A900AC1FD7 /* TimeKeeper */;
			targetProxy = 1B0E4C471D5908A900AC1FD7 /* PBXContainerItemProxy */;
		};
/* End PBXTargetDependency section */

/* Begin PBXVariantGroup section */
		1B0E4C391D5908A900AC1FD7 /* Main.storyboard */ = {
			isa = PBXVariantGroup;
			children = (
				1B0E4C3A1D5908A900AC1FD7 /* Base */,
			);
			name = Main.storyboard;
			sourceTree = "<group>";
		};
		1B0E4C3E1D5908A900AC1FD7 /* LaunchScreen.storyboard */ = {
			isa = PBXVariantGroup;
			children = (
				1B0E4C3F1D5908A900AC1FD7 /* Base */,
			);
			name = LaunchScreen.storyboard;
			sourceTree = "<group>";
		};
/* End PBXVariantGroup section */

/* Begin XCBuildConfiguration section */
		1B0E4C4D1D5908A900AC1FD7 /* Debug */ = {
			isa = XCBuildConfiguration;
			buildSettings = {
				ALWAYS_SEARCH_USER_PATHS = NO;
				CLANG_ANALYZER_NONNULL = YES;
				CLANG_CXX_LANGUAGE_STANDARD = "gnu++0x";
				CLANG_CXX_LIBRARY = "libc++";
				CLANG_ENABLE_MODULES = YES;
				CLANG_ENABLE_OBJC_ARC = YES;
				CLANG_WARN_BOOL_CONVERSION = YES;
				CLANG_WARN_CONSTANT_CONVERSION = YES;
				CLANG_WARN_DIRECT_OBJC_ISA_USAGE = YES_ERROR;
				CLANG_WARN_EMPTY_BODY = YES;
				CLANG_WARN_ENUM_CONVERSION = YES;
				CLANG_WARN_INT_CONVERSION = YES;
				CLANG_WARN_OBJC_ROOT_CLASS = YES_ERROR;
				CLANG_WARN_UNREACHABLE_CODE = YES;
				CLANG_WARN__DUPLICATE_METHOD_MATCH = YES;
				"CODE_SIGN_IDENTITY[sdk=iphoneos*]" = "iPhone Developer";
				COPY_PHASE_STRIP = NO;
				DEBUG_INFORMATION_FORMAT = dwarf;
				ENABLE_STRICT_OBJC_MSGSEND = YES;
				ENABLE_TESTABILITY = YES;
				GCC_C_LANGUAGE_STANDARD = gnu99;
				GCC_DYNAMIC_NO_PIC = NO;
				GCC_NO_COMMON_BLOCKS = YES;
				GCC_OPTIMIZATION_LEVEL = 0;
				GCC_PREPROCESSOR_DEFINITIONS = (
					"DEBUG=1",
					"$(inherited)",
				);
				GCC_WARN_64_TO_32_BIT_CONVERSION = YES;
				GCC_WARN_ABOUT_RETURN_TYPE = YES_ERROR;
				GCC_WARN_UNDECLARED_SELECTOR = YES;
				GCC_WARN_UNINITIALIZED_AUTOS = YES_AGGRESSIVE;
				GCC_WARN_UNUSED_FUNCTION = YES;
				GCC_WARN_UNUSED_VARIABLE = YES;
				IPHONEOS_DEPLOYMENT_TARGET = 9.3;
				MTL_ENABLE_DEBUG_INFO = YES;
				ONLY_ACTIVE_ARCH = YES;
				SDKROOT = iphoneos;
				SWIFT_OPTIMIZATION_LEVEL = "-Onone";
				TARGETED_DEVICE_FAMILY = "1,2";
			};
			name = Debug;
		};
		1B0E4C4E1D5908A900AC1FD7 /* Release */ = {
			isa = XCBuildConfiguration;
			buildSettings = {
				ALWAYS_SEARCH_USER_PATHS = NO;
				CLANG_ANALYZER_NONNULL = YES;
				CLANG_CXX_LANGUAGE_STANDARD = "gnu++0x";
				CLANG_CXX_LIBRARY = "libc++";
				CLANG_ENABLE_MODULES = YES;
				CLANG_ENABLE_OBJC_ARC = YES;
				CLANG_WARN_BOOL_CONVERSION = YES;
				CLANG_WARN_CONSTANT_CONVERSION = YES;
				CLANG_WARN_DIRECT_OBJC_ISA_USAGE = YES_ERROR;
				CLANG_WARN_EMPTY_BODY = YES;
				CLANG_WARN_ENUM_CONVERSION = YES;
				CLANG_WARN_INT_CONVERSION = YES;
				CLANG_WARN_OBJC_ROOT_CLASS = YES_ERROR;
				CLANG_WARN_UNREACHABLE_CODE = YES;
				CLANG_WARN__DUPLICATE_METHOD_MATCH = YES;
				"CODE_SIGN_IDENTITY[sdk=iphoneos*]" = "iPhone Developer";
				COPY_PHASE_STRIP = NO;
				DEBUG_INFORMATION_FORMAT = "dwarf-with-dsym";
				ENABLE_NS_ASSERTIONS = NO;
				ENABLE_STRICT_OBJC_MSGSEND = YES;
				GCC_C_LANGUAGE_STANDARD = gnu99;
				GCC_NO_COMMON_BLOCKS = YES;
				GCC_WARN_64_TO_32_BIT_CONVERSION = YES;
				GCC_WARN_ABOUT_RETURN_TYPE = YES_ERROR;
				GCC_WARN_UNDECLARED_SELECTOR = YES;
				GCC_WARN_UNINITIALIZED_AUTOS = YES_AGGRESSIVE;
				GCC_WARN_UNUSED_FUNCTION = YES;
				GCC_WARN_UNUSED_VARIABLE = YES;
				IPHONEOS_DEPLOYMENT_TARGET = 9.3;
				MTL_ENABLE_DEBUG_INFO = NO;
				SDKROOT = iphoneos;
				TARGETED_DEVICE_FAMILY = "1,2";
				VALIDATE_PRODUCT = YES;
			};
			name = Release;
		};
		1B0E4C501D5908A900AC1FD7 /* Debug */ = {
			isa = XCBuildConfiguration;
			buildSettings = {
				ASSETCATALOG_COMPILER_APPICON_NAME = AppIcon;
				INFOPLIST_FILE = TimeKeeper/Info.plist;
				LD_RUNPATH_SEARCH_PATHS = "$(inherited) @executable_path/Frameworks";
				PRODUCT_BUNDLE_IDENTIFIER = nc.TimeKeeper;
				PRODUCT_NAME = "$(TARGET_NAME)";
			};
			name = Debug;
		};
		1B0E4C511D5908A900AC1FD7 /* Release */ = {
			isa = XCBuildConfiguration;
			buildSettings = {
				ASSETCATALOG_COMPILER_APPICON_NAME = AppIcon;
				INFOPLIST_FILE = TimeKeeper/Info.plist;
				LD_RUNPATH_SEARCH_PATHS = "$(inherited) @executable_path/Frameworks";
				PRODUCT_BUNDLE_IDENTIFIER = nc.TimeKeeper;
				PRODUCT_NAME = "$(TARGET_NAME)";
			};
			name = Release;
		};
		1B0E4C531D5908A900AC1FD7 /* Debug */ = {
			isa = XCBuildConfiguration;
			buildSettings = {
				BUNDLE_LOADER = "$(TEST_HOST)";
				INFOPLIST_FILE = TimeKeeperTests/Info.plist;
				LD_RUNPATH_SEARCH_PATHS = "$(inherited) @executable_path/Frameworks @loader_path/Frameworks";
				PRODUCT_BUNDLE_IDENTIFIER = nc.TimeKeeperTests;
				PRODUCT_NAME = "$(TARGET_NAME)";
				TEST_HOST = "$(BUILT_PRODUCTS_DIR)/TimeKeeper.app/TimeKeeper";
			};
			name = Debug;
		};
		1B0E4C541D5908A900AC1FD7 /* Release */ = {
			isa = XCBuildConfiguration;
			buildSettings = {
				BUNDLE_LOADER = "$(TEST_HOST)";
				INFOPLIST_FILE = TimeKeeperTests/Info.plist;
				LD_RUNPATH_SEARCH_PATHS = "$(inherited) @executable_path/Frameworks @loader_path/Frameworks";
				PRODUCT_BUNDLE_IDENTIFIER = nc.TimeKeeperTests;
				PRODUCT_NAME = "$(TARGET_NAME)";
				TEST_HOST = "$(BUILT_PRODUCTS_DIR)/TimeKeeper.app/TimeKeeper";
			};
			name = Release;
		};
/* End XCBuildConfiguration section */

/* Begin XCConfigurationList section */
		1B0E4C2D1D5908A900AC1FD7 /* Build configuration list for PBXProject "TimeKeeper" */ = {
			isa = XCConfigurationList;
			buildConfigurations = (
				1B0E4C4D1D5908A900AC1FD7 /* Debug */,
				1B0E4C4E1D5908A900AC1FD7 /* Release */,
			);
			defaultConfigurationIsVisible = 0;
			defaultConfigurationName = Release;
		};
		1B0E4C4F1D5908A900AC1FD7 /* Build configuration list for PBXNativeTarget "TimeKeeper" */ = {
			isa = XCConfigurationList;
			buildConfigurations = (
				1B0E4C501D5908A900AC1FD7 /* Debug */,
				1B0E4C511D5908A900AC1FD7 /* Release */,
			);
			defaultConfigurationIsVisible = 0;
		};
		1B0E4C521D5908A900AC1FD7 /* Build configuration list for PBXNativeTarget "TimeKeeperTests" */ = {
			isa = XCConfigurationList;
			buildConfigurations = (
				1B0E4C531D5908A900AC1FD7 /* Debug */,
				1B0E4C541D5908A900AC1FD7 /* Release */,
			);
			defaultConfigurationIsVisible = 0;
		};
/* End XCConfigurationList section */
	};
	rootObject = 1B0E4C2A1D5908A900AC1FD7 /* Project object */;
}
